{
  "originHash" : "506de20d793ca5d5e8081077462395307461b8fff04c4edd30f1f70dbd29ad59",
  "pins" : [
    {
      "identity" : "openssl-apple",
      "kind" : "remoteSourceControl",
      "location" : "https://github.com/passepartoutvpn/openssl-apple",
      "state" : {
        "revision" : "4ae97d5f0d2a449441f87a775db1b815bf7b2671",
        "version" : "3.5.200"
      }
    },
    {
      "identity" : "wg-go-apple",
      "kind" : "remoteSourceControl",
      "location" : "https://github.com/passepartoutvpn/wg-go-apple",
      "state" : {
        "revision" : "1fbdb00e6617864f950685168f3e3f7ca76b2ab4",
        "version" : "0.0.20250630"
      }
    }
  ],
  "version" : 3
}
