{
  "originHash" : "a8deb40722e44678d2338fdd748688079da3a7739a36c31ec49a796c4dcf7b57",
  "pins" : [
    {
      "identity" : "generic-json-swift",
      "kind" : "remoteSourceControl",
      "location" : "https://github.com/iwill/generic-json-swift",
      "state" : {
        "revision" : "0a06575f4038b504e78ac330913d920f1630f510",
        "version" : "2.0.2"
      }
    }
  ],
  "version" : 3
}
